
Microsoft Visual Studio Solution File, Format Version 12.00
# Visual Studio 15
VisualStudioVersion = 15.0.27004.2006
MinimumVisualStudioVersion = 10.0.40219.1
Project("{FAE04EC0-301F-11D3-BF4B-00C04F79EFBC}") = "LiftoffProject", "LiftoffProject\LiftoffProject.csproj", "{41751833-78B3-4CB0-95CD-0498303189DE}"
EndProject
Global
	GlobalSection(SolutionConfigurationPlatforms) = preSolution
		Debug|Any CPU = Debug|Any CPU
		Release|Any CPU = Release|Any CPU
	EndGlobalSection
	GlobalSection(ProjectConfigurationPlatforms) = postSolution
		{41751833-78B3-4CB0-95CD-0498303189DE}.Debug|Any CPU.ActiveCfg = Debug|Any CPU
		{41751833-78B3-4CB0-95CD-0498303189DE}.Debug|Any CPU.Build.0 = Debug|Any CPU
		{41751833-78B3-4CB0-95CD-0498303189DE}.Release|Any CPU.ActiveCfg = Release|Any CPU
		{41751833-78B3-4CB0-95CD-0498303189DE}.Release|Any CPU.Build.0 = Release|Any CPU
	EndGlobalSection
	GlobalSection(SolutionProperties) = preSolution
		HideSolutionNode = FALSE
	EndGlobalSection
	GlobalSection(ExtensibilityGlobals) = postSolution
		SolutionGuid = {33608B3A-7727-4BC7-B718-88BB33016C0A}
	EndGlobalSection
EndGlobal
